github.com/29-FYI/twentynine v0.2.0 h1:yGLbEO8cfiZEXjh2fC4Kc2V1BmoLEI4zvbKo1yzuAwQ=
github.com/29-FYI/twentynine v0.2.0/go.mod h1:MXbLewW9iEnx/I2eLPKGP0UoTyuzIW7RoXEfCC5cm+I=
github.com/go-chi/chi/v5 v5.0.7 h1:rDTPXLDHGATaeHvVlLcR4Qe0zftYethFucbjVQ1PxU8=
github.com/go-chi/chi/v5 v5.0.7/go.mod h1:DslCQbL2OYiznFReuXYUmQ2hGd1aDpCnlMNITLSKoi8=
